
Microsoft Visual Studio Solution File, Format Version 12.00
# Visual Studio Version 16
VisualStudioVersion = 16.0.29123.88
MinimumVisualStudioVersion = 10.0.40219.1
Project("{9A19103F-16F7-4668-BE54-9A1E7A4F7556}") = "WebApi", "WebApi\WebApi.csproj", "{D884A394-7281-4E31-AE3D-215CD0D472C9}"
EndProject
Project("{9A19103F-16F7-4668-BE54-9A1E7A4F7556}") = "Negocio", "Negocio\Negocio.csproj", "{9D7BA7E9-370D-4F71-8CF3-E5BE56D42CD6}"
EndProject
Project("{9A19103F-16F7-4668-BE54-9A1E7A4F7556}") = "Dominio", "Dominio\Dominio.csproj", "{E3C6331F-C396-4A8A-A634-536F443A5E57}"
EndProject
Project("{FAE04EC0-301F-11D3-BF4B-00C04F79EFBC}") = "Logs", "Logs\Logs.csproj", "{E92430A3-B4EC-4BA3-8337-0E85E2C990C6}"
EndProject
Global
	GlobalSection(SolutionConfigurationPlatforms) = preSolution
		Debug|Any CPU = Debug|Any CPU
		Release|Any CPU = Release|Any CPU
	EndGlobalSection
	GlobalSection(ProjectConfigurationPlatforms) = postSolution
		{D884A394-7281-4E31-AE3D-215CD0D472C9}.Debug|Any CPU.ActiveCfg = Debug|Any CPU
		{D884A394-7281-4E31-AE3D-215CD0D472C9}.Debug|Any CPU.Build.0 = Debug|Any CPU
		{D884A394-7281-4E31-AE3D-215CD0D472C9}.Release|Any CPU.ActiveCfg = Release|Any CPU
		{D884A394-7281-4E31-AE3D-215CD0D472C9}.Release|Any CPU.Build.0 = Release|Any CPU
		{9D7BA7E9-370D-4F71-8CF3-E5BE56D42CD6}.Debug|Any CPU.ActiveCfg = Debug|Any CPU
		{9D7BA7E9-370D-4F71-8CF3-E5BE56D42CD6}.Debug|Any CPU.Build.0 = Debug|Any CPU
		{9D7BA7E9-370D-4F71-8CF3-E5BE56D42CD6}.Release|Any CPU.ActiveCfg = Release|Any CPU
		{9D7BA7E9-370D-4F71-8CF3-E5BE56D42CD6}.Release|Any CPU.Build.0 = Release|Any CPU
		{E3C6331F-C396-4A8A-A634-536F443A5E57}.Debug|Any CPU.ActiveCfg = Debug|Any CPU
		{E3C6331F-C396-4A8A-A634-536F443A5E57}.Debug|Any CPU.Build.0 = Debug|Any CPU
		{E3C6331F-C396-4A8A-A634-536F443A5E57}.Release|Any CPU.ActiveCfg = Release|Any CPU
		{E3C6331F-C396-4A8A-A634-536F443A5E57}.Release|Any CPU.Build.0 = Release|Any CPU
		{E92430A3-B4EC-4BA3-8337-0E85E2C990C6}.Debug|Any CPU.ActiveCfg = Debug|Any CPU
		{E92430A3-B4EC-4BA3-8337-0E85E2C990C6}.Debug|Any CPU.Build.0 = Debug|Any CPU
		{E92430A3-B4EC-4BA3-8337-0E85E2C990C6}.Release|Any CPU.ActiveCfg = Release|Any CPU
		{E92430A3-B4EC-4BA3-8337-0E85E2C990C6}.Release|Any CPU.Build.0 = Release|Any CPU
	EndGlobalSection
	GlobalSection(SolutionProperties) = preSolution
		HideSolutionNode = FALSE
	EndGlobalSection
	GlobalSection(ExtensibilityGlobals) = postSolution
		SolutionGuid = {B5B62DC8-2A2C-44D6-8564-CC8E6EAC33FE}
	EndGlobalSection
EndGlobal
